// !$*UTF8*$!
{
	archiveVersion = 1;
	classes = {
	};
	objectVersion = 46;
	objects = {

/* Begin PBXBuildFile section */
		C91BFA0E1E46149F00864200 /* EMUDos.m in Sources */ = {isa = PBXBuildFile; fileRef = C91BFA0D1E46149F00864200 /* EMUDos.m */; };
		C93802A11E4CED2300D1F35B /* EMUExpansion.m in Sources */ = {isa = PBXBuildFile; fileRef = C93802A01E4CED2300D1F35B /* EMUExpansion.m */; };
		C93802A41E4DD14D00D1F35B /* EMUUtility.m in Sources */ = {isa = PBXBuildFile; fileRef = C93802A31E4DD14D00D1F35B /* EMUUtility.m */; };
		C93802A81E55D36E00D1F35B /* EMUConsoleView.m in Sources */ = {isa = PBXBuildFile; fileRef = C93802A71E55D36E00D1F35B /* EMUConsoleView.m */; };
		C93802AB1E55E17200D1F35B /* EMULibBase.m in Sources */ = {isa = PBXBuildFile; fileRef = C93802AA1E55E17200D1F35B /* EMULibBase.m */; };
		C950058D1E4B67B400182F6F /* EMUGraphics.m in Sources */ = {isa = PBXBuildFile; fileRef = C950058C1E4B67B400182F6F /* EMUGraphics.m */; };
		C96E1AB01E4A121A007B85EF /* EMUMemoryBlock.m in Sources */ = {isa = PBXBuildFile; fileRef = C96E1AAF1E4A121A007B85EF /* EMUMemoryBlock.m */; };
		C974B6561E4541A600DBF0F8 /* EMUExec.m in Sources */ = {isa = PBXBuildFile; fileRef = C974B6551E4541A600DBF0F8 /* EMUExec.m */; };
		C974B6591E4541DF00DBF0F8 /* EMULibrary.m in Sources */ = {isa = PBXBuildFile; fileRef = C974B6581E4541DF00DBF0F8 /* EMULibrary.m */; };
		C9BC020C1E4BD2D200C90BB9 /* EMUIntuition.m in Sources */ = {isa = PBXBuildFile; fileRef = C9BC020B1E4BD2D200C90BB9 /* EMUIntuition.m */; };
		C9BC020F1E4BD4E900C90BB9 /* EMUIcon.m in Sources */ = {isa = PBXBuildFile; fileRef = C9BC020E1E4BD4E900C90BB9 /* EMUIcon.m */; };
		C9BC02121E4BD5E400C90BB9 /* EMULayers.m in Sources */ = {isa = PBXBuildFile; fileRef = C9BC02111E4BD5E400C90BB9 /* EMULayers.m */; };
		C9BC02151E4BD70900C90BB9 /* EMUGadtools.m in Sources */ = {isa = PBXBuildFile; fileRef = C9BC02141E4BD70900C90BB9 /* EMUGadtools.m */; };
		C9BC02181E4BD82C00C90BB9 /* EMUDiskfont.m in Sources */ = {isa = PBXBuildFile; fileRef = C9BC02171E4BD82C00C90BB9 /* EMUDiskfont.m */; };
		C9BC021B1E4BDCFD00C90BB9 /* EMUMathffp.m in Sources */ = {isa = PBXBuildFile; fileRef = C9BC021A1E4BDCFD00C90BB9 /* EMUMathffp.m */; };
		C9BC021E1E4BDE0500C90BB9 /* EMUMathtrans.m in Sources */ = {isa = PBXBuildFile; fileRef = C9BC021D1E4BDE0500C90BB9 /* EMUMathtrans.m */; };
		C9C4CB8B1E43BA460052AD45 /* AppDelegate.m in Sources */ = {isa = PBXBuildFile; fileRef = C9C4CB8A1E43BA460052AD45 /* AppDelegate.m */; };
		C9C4CB8E1E43BA460052AD45 /* main.m in Sources */ = {isa = PBXBuildFile; fileRef = C9C4CB8D1E43BA460052AD45 /* main.m */; };
		C9C4CB901E43BA460052AD45 /* Assets.xcassets in Resources */ = {isa = PBXBuildFile; fileRef = C9C4CB8F1E43BA460052AD45 /* Assets.xcassets */; };
		C9C4CB931E43BA460052AD45 /* MainMenu.xib in Resources */ = {isa = PBXBuildFile; fileRef = C9C4CB911E43BA460052AD45 /* MainMenu.xib */; };
		C9C4CB9F1E43BAF90052AD45 /* m68kcpu.c in Sources */ = {isa = PBXBuildFile; fileRef = C9C4CB9E1E43BAF90052AD45 /* m68kcpu.c */; };
		C9C4CBA81E43BBA50052AD45 /* Emulator.m in Sources */ = {isa = PBXBuildFile; fileRef = C9C4CBA71E43BBA50052AD45 /* Emulator.m */; };
		C9C4CBAE1E43C4B20052AD45 /* m68kops.c in Sources */ = {isa = PBXBuildFile; fileRef = C9C4CBAD1E43C4B20052AD45 /* m68kops.c */; };
		C9C4CBB21E43C4CD0052AD45 /* m68kopac.c in Sources */ = {isa = PBXBuildFile; fileRef = C9C4CBAF1E43C4CD0052AD45 /* m68kopac.c */; };
		C9C4CBB31E43C4CD0052AD45 /* m68kopdm.c in Sources */ = {isa = PBXBuildFile; fileRef = C9C4CBB01E43C4CD0052AD45 /* m68kopdm.c */; };
		C9C4CBB41E43C4CD0052AD45 /* m68kopnz.c in Sources */ = {isa = PBXBuildFile; fileRef = C9C4CBB11E43C4CD0052AD45 /* m68kopnz.c */; };
		C9C4CBB81E43C67B0052AD45 /* m68kdasm.c in Sources */ = {isa = PBXBuildFile; fileRef = C9C4CBB71E43C67B0052AD45 /* m68kdasm.c */; };
		C9E5B8351E57341700173421 /* DisassemblerWindow.m in Sources */ = {isa = PBXBuildFile; fileRef = C9E5B8341E57341700173421 /* DisassemblerWindow.m */; };
/* End PBXBuildFile section */

/* Begin PBXFileReference section */
		C91BFA0C1E46149F00864200 /* EMUDos.h */ = {isa = PBXFileReference; fileEncoding = 4; lastKnownFileType = sourcecode.c.h; path = EMUDos.h; sourceTree = "<group>"; };
		C91BFA0D1E46149F00864200 /* EMUDos.m */ = {isa = PBXFileReference; fileEncoding = 4; lastKnownFileType = sourcecode.c.objc; path = EMUDos.m; sourceTree = "<group>"; };
		C938029F1E4CED2300D1F35B /* EMUExpansion.h */ = {isa = PBXFileReference; fileEncoding = 4; lastKnownFileType = sourcecode.c.h; path = EMUExpansion.h; sourceTree = "<group>"; };
		C93802A01E4CED2300D1F35B /* EMUExpansion.m */ = {isa = PBXFileReference; fileEncoding = 4; lastKnownFileType = sourcecode.c.objc; path = EMUExpansion.m; sourceTree = "<group>"; };
		C93802A21E4DD14D00D1F35B /* EMUUtility.h */ = {isa = PBXFileReference; fileEncoding = 4; lastKnownFileType = sourcecode.c.h; path = EMUUtility.h; sourceTree = "<group>"; };
		C93802A31E4DD14D00D1F35B /* EMUUtility.m */ = {isa = PBXFileReference; fileEncoding = 4; lastKnownFileType = sourcecode.c.objc; path = EMUUtility.m; sourceTree = "<group>"; };
		C93802A61E55D36E00D1F35B /* EMUConsoleView.h */ = {isa = PBXFileReference; fileEncoding = 4; lastKnownFileType = sourcecode.c.h; path = EMUConsoleView.h; sourceTree = "<group>"; };
		C93802A71E55D36E00D1F35B /* EMUConsoleView.m */ = {isa = PBXFileReference; fileEncoding = 4; lastKnownFileType = sourcecode.c.objc; path = EMUConsoleView.m; sourceTree = "<group>"; };
		C93802A91E55E17200D1F35B /* EMULibBase.h */ = {isa = PBXFileReference; fileEncoding = 4; lastKnownFileType = sourcecode.c.h; path = EMULibBase.h; sourceTree = "<group>"; };
		C93802AA1E55E17200D1F35B /* EMULibBase.m */ = {isa = PBXFileReference; fileEncoding = 4; lastKnownFileType = sourcecode.c.objc; path = EMULibBase.m; sourceTree = "<group>"; };
		C950058B1E4B67B400182F6F /* EMUGraphics.h */ = {isa = PBXFileReference; fileEncoding = 4; lastKnownFileType = sourcecode.c.h; path = EMUGraphics.h; sourceTree = "<group>"; };
		C950058C1E4B67B400182F6F /* EMUGraphics.m */ = {isa = PBXFileReference; fileEncoding = 4; lastKnownFileType = sourcecode.c.objc; path = EMUGraphics.m; sourceTree = "<group>"; };
		C96E1AAE1E4A121A007B85EF /* EMUMemoryBlock.h */ = {isa = PBXFileReference; fileEncoding = 4; lastKnownFileType = sourcecode.c.h; path = EMUMemoryBlock.h; sourceTree = "<group>"; };
		C96E1AAF1E4A121A007B85EF /* EMUMemoryBlock.m */ = {isa = PBXFileReference; fileEncoding = 4; lastKnownFileType = sourcecode.c.objc; path = EMUMemoryBlock.m; sourceTree = "<group>"; };
		C974B6541E4541A600DBF0F8 /* EMUExec.h */ = {isa = PBXFileReference; fileEncoding = 4; lastKnownFileType = sourcecode.c.h; path = EMUExec.h; sourceTree = "<group>"; };
		C974B6551E4541A600DBF0F8 /* EMUExec.m */ = {isa = PBXFileReference; fileEncoding = 4; lastKnownFileType = sourcecode.c.objc; path = EMUExec.m; sourceTree = "<group>"; };
		C974B6571E4541DF00DBF0F8 /* EMULibrary.h */ = {isa = PBXFileReference; fileEncoding = 4; lastKnownFileType = sourcecode.c.h; path = EMULibrary.h; sourceTree = "<group>"; };
		C974B6581E4541DF00DBF0F8 /* EMULibrary.m */ = {isa = PBXFileReference; fileEncoding = 4; lastKnownFileType = sourcecode.c.objc; path = EMULibrary.m; sourceTree = "<group>"; };
		C9BC020A1E4BD2D200C90BB9 /* EMUIntuition.h */ = {isa = PBXFileReference; fileEncoding = 4; lastKnownFileType = sourcecode.c.h; path = EMUIntuition.h; sourceTree = "<group>"; };
		C9BC020B1E4BD2D200C90BB9 /* EMUIntuition.m */ = {isa = PBXFileReference; fileEncoding = 4; lastKnownFileType = sourcecode.c.objc; path = EMUIntuition.m; sourceTree = "<group>"; };
		C9BC020D1E4BD4E900C90BB9 /* EMUIcon.h */ = {isa = PBXFileReference; fileEncoding = 4; lastKnownFileType = sourcecode.c.h; path = EMUIcon.h; sourceTree = "<group>"; };
		C9BC020E1E4BD4E900C90BB9 /* EMUIcon.m */ = {isa = PBXFileReference; fileEncoding = 4; lastKnownFileType = sourcecode.c.objc; path = EMUIcon.m; sourceTree = "<group>"; };
		C9BC02101E4BD5E400C90BB9 /* EMULayers.h */ = {isa = PBXFileReference; fileEncoding = 4; lastKnownFileType = sourcecode.c.h; path = EMULayers.h; sourceTree = "<group>"; };
		C9BC02111E4BD5E400C90BB9 /* EMULayers.m */ = {isa = PBXFileReference; fileEncoding = 4; lastKnownFileType = sourcecode.c.objc; path = EMULayers.m; sourceTree = "<group>"; };
		C9BC02131E4BD70900C90BB9 /* EMUGadtools.h */ = {isa = PBXFileReference; fileEncoding = 4; lastKnownFileType = sourcecode.c.h; path = EMUGadtools.h; sourceTree = "<group>"; };
		C9BC02141E4BD70900C90BB9 /* EMUGadtools.m */ = {isa = PBXFileReference; fileEncoding = 4; lastKnownFileType = sourcecode.c.objc; path = EMUGadtools.m; sourceTree = "<group>"; };
		C9BC02161E4BD82C00C90BB9 /* EMUDiskfont.h */ = {isa = PBXFileReference; fileEncoding = 4; lastKnownFileType = sourcecode.c.h; path = EMUDiskfont.h; sourceTree = "<group>"; };
		C9BC02171E4BD82C00C90BB9 /* EMUDiskfont.m */ = {isa = PBXFileReference; fileEncoding = 4; lastKnownFileType = sourcecode.c.objc; path = EMUDiskfont.m; sourceTree = "<group>"; };
		C9BC02191E4BDCFD00C90BB9 /* EMUMathffp.h */ = {isa = PBXFileReference; fileEncoding = 4; lastKnownFileType = sourcecode.c.h; path = EMUMathffp.h; sourceTree = "<group>"; };
		C9BC021A1E4BDCFD00C90BB9 /* EMUMathffp.m */ = {isa = PBXFileReference; fileEncoding = 4; lastKnownFileType = sourcecode.c.objc; path = EMUMathffp.m; sourceTree = "<group>"; };
		C9BC021C1E4BDE0500C90BB9 /* EMUMathtrans.h */ = {isa = PBXFileReference; fileEncoding = 4; lastKnownFileType = sourcecode.c.h; path = EMUMathtrans.h; sourceTree = "<group>"; };
		C9BC021D1E4BDE0500C90BB9 /* EMUMathtrans.m */ = {isa = PBXFileReference; fileEncoding = 4; lastKnownFileType = sourcecode.c.objc; path = EMUMathtrans.m; sourceTree = "<group>"; };
		C9C4CB861E43BA460052AD45 /* Emulatron.app */ = {isa = PBXFileReference; explicitFileType = wrapper.application; includeInIndex = 0; path = Emulatron.app; sourceTree = BUILT_PRODUCTS_DIR; };
		C9C4CB891E43BA460052AD45 /* AppDelegate.h */ = {isa = PBXFileReference; lastKnownFileType = sourcecode.c.h; path = AppDelegate.h; sourceTree = "<group>"; };
		C9C4CB8A1E43BA460052AD45 /* AppDelegate.m */ = {isa = PBXFileReference; lastKnownFileType = sourcecode.c.objc; path = AppDelegate.m; sourceTree = "<group>"; };
		C9C4CB8D1E43BA460052AD45 /* main.m */ = {isa = PBXFileReference; lastKnownFileType = sourcecode.c.objc; path = main.m; sourceTree = "<group>"; };
		C9C4CB8F1E43BA460052AD45 /* Assets.xcassets */ = {isa = PBXFileReference; lastKnownFileType = folder.assetcatalog; path = Assets.xcassets; sourceTree = "<group>"; };
		C9C4CB921E43BA460052AD45 /* Base */ = {isa = PBXFileReference; lastKnownFileType = file.xib; name = Base; path = Base.lproj/MainMenu.xib; sourceTree = "<group>"; };
		C9C4CB941E43BA460052AD45 /* Info.plist */ = {isa = PBXFileReference; lastKnownFileType = text.plist.xml; path = Info.plist; sourceTree = "<group>"; };
		C9C4CB9D1E43BAEE0052AD45 /* m68k.h */ = {isa = PBXFileReference; fileEncoding = 4; lastKnownFileType = sourcecode.c.h; path = m68k.h; sourceTree = "<group>"; };
		C9C4CB9E1E43BAF90052AD45 /* m68kcpu.c */ = {isa = PBXFileReference; fileEncoding = 4; lastKnownFileType = sourcecode.c.c; path = m68kcpu.c; sourceTree = "<group>"; };
		C9C4CBA01E43BB030052AD45 /* m68kcpu.h */ = {isa = PBXFileReference; fileEncoding = 4; lastKnownFileType = sourcecode.c.h; path = m68kcpu.h; sourceTree = "<group>"; };
		C9C4CBA51E43BB2C0052AD45 /* m68kconf.h */ = {isa = PBXFileReference; lastKnownFileType = sourcecode.c.h; path = m68kconf.h; sourceTree = "<group>"; };
		C9C4CBA61E43BBA50052AD45 /* Emulator.h */ = {isa = PBXFileReference; fileEncoding = 4; lastKnownFileType = sourcecode.c.h; path = Emulator.h; sourceTree = "<group>"; };
		C9C4CBA71E43BBA50052AD45 /* Emulator.m */ = {isa = PBXFileReference; fileEncoding = 4; lastKnownFileType = sourcecode.c.objc; path = Emulator.m; sourceTree = "<group>"; };
		C9C4CBA91E43BDCD0052AD45 /* sim.h */ = {isa = PBXFileReference; lastKnownFileType = sourcecode.c.h; path = sim.h; sourceTree = "<group>"; };
		C9C4CBAC1E43C4A90052AD45 /* m68kops.h */ = {isa = PBXFileReference; lastKnownFileType = sourcecode.c.h; path = m68kops.h; sourceTree = "<group>"; };
		C9C4CBAD1E43C4B20052AD45 /* m68kops.c */ = {isa = PBXFileReference; fileEncoding = 4; lastKnownFileType = sourcecode.c.c; path = m68kops.c; sourceTree = "<group>"; };
		C9C4CBAF1E43C4CD0052AD45 /* m68kopac.c */ = {isa = PBXFileReference; fileEncoding = 4; lastKnownFileType = sourcecode.c.c; path = m68kopac.c; sourceTree = "<group>"; };
		C9C4CBB01E43C4CD0052AD45 /* m68kopdm.c */ = {isa = PBXFileReference; fileEncoding = 4; lastKnownFileType = sourcecode.c.c; path = m68kopdm.c; sourceTree = "<group>"; };
		C9C4CBB11E43C4CD0052AD45 /* m68kopnz.c */ = {isa = PBXFileReference; fileEncoding = 4; lastKnownFileType = sourcecode.c.c; path = m68kopnz.c; sourceTree = "<group>"; };
		C9C4CBB71E43C67B0052AD45 /* m68kdasm.c */ = {isa = PBXFileReference; fileEncoding = 4; lastKnownFileType = sourcecode.c.c; path = m68kdasm.c; sourceTree = "<group>"; };
		C9CF11CE1E44ADD300E8B1FD /* endianMacros.h */ = {isa = PBXFileReference; lastKnownFileType = sourcecode.c.h; path = endianMacros.h; sourceTree = "<group>"; };
		C9E5B8331E57341700173421 /* DisassemblerWindow.h */ = {isa = PBXFileReference; fileEncoding = 4; lastKnownFileType = sourcecode.c.h; name = DisassemblerWindow.h; path = ../DisassemblerWindow.h; sourceTree = "<group>"; };
		C9E5B8341E57341700173421 /* DisassemblerWindow.m */ = {isa = PBXFileReference; fileEncoding = 4; lastKnownFileType = sourcecode.c.objc; name = DisassemblerWindow.m; path = ../DisassemblerWindow.m; sourceTree = "<group>"; };
/* End PBXFileReference section */

/* Begin PBXFrameworksBuildPhase section */
		C9C4CB831E43BA460052AD45 /* Frameworks */ = {
			isa = PBXFrameworksBuildPhase;
			buildActionMask = 2147483647;
			files = (
			);
			runOnlyForDeploymentPostprocessing = 0;
		};
/* End PBXFrameworksBuildPhase section */

/* Begin PBXGroup section */
		C93802A51E549D2300D1F35B /* Emulated Libraries */ = {
			isa = PBXGroup;
			children = (
				C96E1AAE1E4A121A007B85EF /* EMUMemoryBlock.h */,
				C96E1AAF1E4A121A007B85EF /* EMUMemoryBlock.m */,
				C93802A91E55E17200D1F35B /* EMULibBase.h */,
				C93802AA1E55E17200D1F35B /* EMULibBase.m */,
				C974B6571E4541DF00DBF0F8 /* EMULibrary.h */,
				C974B6581E4541DF00DBF0F8 /* EMULibrary.m */,
				C974B6541E4541A600DBF0F8 /* EMUExec.h */,
				C974B6551E4541A600DBF0F8 /* EMUExec.m */,
				C91BFA0C1E46149F00864200 /* EMUDos.h */,
				C91BFA0D1E46149F00864200 /* EMUDos.m */,
				C950058B1E4B67B400182F6F /* EMUGraphics.h */,
				C950058C1E4B67B400182F6F /* EMUGraphics.m */,
				C9BC020A1E4BD2D200C90BB9 /* EMUIntuition.h */,
				C9BC020B1E4BD2D200C90BB9 /* EMUIntuition.m */,
				C93802A21E4DD14D00D1F35B /* EMUUtility.h */,
				C93802A31E4DD14D00D1F35B /* EMUUtility.m */,
				C9BC020D1E4BD4E900C90BB9 /* EMUIcon.h */,
				C9BC020E1E4BD4E900C90BB9 /* EMUIcon.m */,
				C9BC02101E4BD5E400C90BB9 /* EMULayers.h */,
				C9BC02111E4BD5E400C90BB9 /* EMULayers.m */,
				C9BC02131E4BD70900C90BB9 /* EMUGadtools.h */,
				C9BC02141E4BD70900C90BB9 /* EMUGadtools.m */,
				C9BC02161E4BD82C00C90BB9 /* EMUDiskfont.h */,
				C9BC02171E4BD82C00C90BB9 /* EMUDiskfont.m */,
				C9BC02191E4BDCFD00C90BB9 /* EMUMathffp.h */,
				C9BC021A1E4BDCFD00C90BB9 /* EMUMathffp.m */,
				C9BC021C1E4BDE0500C90BB9 /* EMUMathtrans.h */,
				C9BC021D1E4BDE0500C90BB9 /* EMUMathtrans.m */,
				C938029F1E4CED2300D1F35B /* EMUExpansion.h */,
				C93802A01E4CED2300D1F35B /* EMUExpansion.m */,
			);
			name = "Emulated Libraries";
			sourceTree = "<group>";
		};
		C9C4CB7D1E43BA460052AD45 = {
			isa = PBXGroup;
			children = (
				C9C4CB881E43BA460052AD45 /* Emulatron */,
				C9C4CB871E43BA460052AD45 /* Products */,
			);
			sourceTree = "<group>";
		};
		C9C4CB871E43BA460052AD45 /* Products */ = {
			isa = PBXGroup;
			children = (
				C9C4CB861E43BA460052AD45 /* Emulatron.app */,
			);
			name = Products;
			sourceTree = "<group>";
		};
		C9C4CB881E43BA460052AD45 /* Emulatron */ = {
			isa = PBXGroup;
			children = (
				C9C4CB9A1E43BAC50052AD45 /* Musashi */,
				C9CF11CE1E44ADD300E8B1FD /* endianMacros.h */,
				C9C4CBA91E43BDCD0052AD45 /* sim.h */,
				C9C4CBA61E43BBA50052AD45 /* Emulator.h */,
				C9C4CBA71E43BBA50052AD45 /* Emulator.m */,
				C93802A61E55D36E00D1F35B /* EMUConsoleView.h */,
				C93802A71E55D36E00D1F35B /* EMUConsoleView.m */,
				C9E5B8331E57341700173421 /* DisassemblerWindow.h */,
				C9E5B8341E57341700173421 /* DisassemblerWindow.m */,
				C9C4CB891E43BA460052AD45 /* AppDelegate.h */,
				C9C4CB8A1E43BA460052AD45 /* AppDelegate.m */,
				C9C4CB8F1E43BA460052AD45 /* Assets.xcassets */,
				C9C4CB911E43BA460052AD45 /* MainMenu.xib */,
				C9C4CB941E43BA460052AD45 /* Info.plist */,
				C9C4CB8C1E43BA460052AD45 /* Supporting Files */,
				C93802A51E549D2300D1F35B /* Emulated Libraries */,
			);
			path = Emulatron;
			sourceTree = "<group>";
		};
		C9C4CB8C1E43BA460052AD45 /* Supporting Files */ = {
			isa = PBXGroup;
			children = (
				C9C4CB8D1E43BA460052AD45 /* main.m */,
			);
			name = "Supporting Files";
			sourceTree = "<group>";
		};
		C9C4CB9A1E43BAC50052AD45 /* Musashi */ = {
			isa = PBXGroup;
			children = (
				C9C4CBAF1E43C4CD0052AD45 /* m68kopac.c */,
				C9C4CBB01E43C4CD0052AD45 /* m68kopdm.c */,
				C9C4CBB11E43C4CD0052AD45 /* m68kopnz.c */,
				C9C4CBAC1E43C4A90052AD45 /* m68kops.h */,
				C9C4CBAD1E43C4B20052AD45 /* m68kops.c */,
				C9C4CB9D1E43BAEE0052AD45 /* m68k.h */,
				C9C4CBA01E43BB030052AD45 /* m68kcpu.h */,
				C9C4CB9E1E43BAF90052AD45 /* m68kcpu.c */,
				C9C4CBB71E43C67B0052AD45 /* m68kdasm.c */,
				C9C4CBA51E43BB2C0052AD45 /* m68kconf.h */,
			);
			name = Musashi;
			sourceTree = "<group>";
		};
/* End PBXGroup section */

/* Begin PBXNativeTarget section */
		C9C4CB851E43BA460052AD45 /* Emulatron */ = {
			isa = PBXNativeTarget;
			buildConfigurationList = C9C4CB971E43BA460052AD45 /* Build configuration list for PBXNativeTarget "Emulatron" */;
			buildPhases = (
				C9C4CB821E43BA460052AD45 /* Sources */,
				C9C4CB831E43BA460052AD45 /* Frameworks */,
				C9C4CB841E43BA460052AD45 /* Resources */,
			);
			buildRules = (
			);
			dependencies = (
			);
			name = Emulatron;
			productName = Emulatron;
			productReference = C9C4CB861E43BA460052AD45 /* Emulatron.app */;
			productType = "com.apple.product-type.application";
		};
/* End PBXNativeTarget section */

/* Begin PBXProject section */
		C9C4CB7E1E43BA460052AD45 /* Project object */ = {
			isa = PBXProject;
			attributes = {
				LastUpgradeCheck = 0820;
				ORGANIZATIONNAME = "Matt Pasons";
				TargetAttributes = {
					C9C4CB851E43BA460052AD45 = {
						CreatedOnToolsVersion = 8.2;
						DevelopmentTeam = L5VJPHXSKB;
						ProvisioningStyle = Automatic;
					};
				};
			};
			buildConfigurationList = C9C4CB811E43BA460052AD45 /* Build configuration list for PBXProject "Emulatron" */;
			compatibilityVersion = "Xcode 3.2";
			developmentRegion = English;
			hasScannedForEncodings = 0;
			knownRegions = (
				en,
				Base,
			);
			mainGroup = C9C4CB7D1E43BA460052AD45;
			productRefGroup = C9C4CB871E43BA460052AD45 /* Products */;
			projectDirPath = "";
			projectRoot = "";
			targets = (
				C9C4CB851E43BA460052AD45 /* Emulatron */,
			);
		};
/* End PBXProject section */

/* Begin PBXResourcesBuildPhase section */
		C9C4CB841E43BA460052AD45 /* Resources */ = {
			isa = PBXResourcesBuildPhase;
			buildActionMask = 2147483647;
			files = (
				C9C4CB901E43BA460052AD45 /* Assets.xcassets in Resources */,
				C9C4CB931E43BA460052AD45 /* MainMenu.xib in Resources */,
			);
			runOnlyForDeploymentPostprocessing = 0;
		};
/* End PBXResourcesBuildPhase section */

/* Begin PBXSourcesBuildPhase section */
		C9C4CB821E43BA460052AD45 /* Sources */ = {
			isa = PBXSourcesBuildPhase;
			buildActionMask = 2147483647;
			files = (
				C93802A81E55D36E00D1F35B /* EMUConsoleView.m in Sources */,
				C9C4CBB21E43C4CD0052AD45 /* m68kopac.c in Sources */,
				C93802AB1E55E17200D1F35B /* EMULibBase.m in Sources */,
				C9C4CBB31E43C4CD0052AD45 /* m68kopdm.c in Sources */,
				C974B6561E4541A600DBF0F8 /* EMUExec.m in Sources */,
				C9BC020C1E4BD2D200C90BB9 /* EMUIntuition.m in Sources */,
				C9C4CB9F1E43BAF90052AD45 /* m68kcpu.c in Sources */,
				C9E5B8351E57341700173421 /* DisassemblerWindow.m in Sources */,
				C9C4CB8E1E43BA460052AD45 /* main.m in Sources */,
				C9BC021E1E4BDE0500C90BB9 /* EMUMathtrans.m in Sources */,
				C950058D1E4B67B400182F6F /* EMUGraphics.m in Sources */,
				C9BC021B1E4BDCFD00C90BB9 /* EMUMathffp.m in Sources */,
				C9C4CB8B1E43BA460052AD45 /* AppDelegate.m in Sources */,
				C93802A41E4DD14D00D1F35B /* EMUUtility.m in Sources */,
				C9C4CBAE1E43C4B20052AD45 /* m68kops.c in Sources */,
				C96E1AB01E4A121A007B85EF /* EMUMemoryBlock.m in Sources */,
				C9C4CBB41E43C4CD0052AD45 /* m68kopnz.c in Sources */,
				C9C4CBB81E43C67B0052AD45 /* m68kdasm.c in Sources */,
				C9BC02181E4BD82C00C90BB9 /* EMUDiskfont.m in Sources */,
				C9BC02151E4BD70900C90BB9 /* EMUGadtools.m in Sources */,
				C9BC02121E4BD5E400C90BB9 /* EMULayers.m in Sources */,
				C9C4CBA81E43BBA50052AD45 /* Emulator.m in Sources */,
				C91BFA0E1E46149F00864200 /* EMUDos.m in Sources */,
				C9BC020F1E4BD4E900C90BB9 /* EMUIcon.m in Sources */,
				C93802A11E4CED2300D1F35B /* EMUExpansion.m in Sources */,
				C974B6591E4541DF00DBF0F8 /* EMULibrary.m in Sources */,
			);
			runOnlyForDeploymentPostprocessing = 0;
		};
/* End PBXSourcesBuildPhase section */

/* Begin PBXVariantGroup section */
		C9C4CB911E43BA460052AD45 /* MainMenu.xib */ = {
			isa = PBXVariantGroup;
			children = (
				C9C4CB921E43BA460052AD45 /* Base */,
			);
			name = MainMenu.xib;
			sourceTree = "<group>";
		};
/* End PBXVariantGroup section */

/* Begin XCBuildConfiguration section */
		C9C4CB951E43BA460052AD45 /* Debug */ = {
			isa = XCBuildConfiguration;
			buildSettings = {
				ALWAYS_SEARCH_USER_PATHS = NO;
				CLANG_ANALYZER_NONNULL = YES;
				CLANG_CXX_LANGUAGE_STANDARD = "gnu++0x";
				CLANG_CXX_LIBRARY = "libc++";
				CLANG_ENABLE_MODULES = YES;
				CLANG_ENABLE_OBJC_ARC = YES;
				CLANG_WARN_BOOL_CONVERSION = YES;
				CLANG_WARN_CONSTANT_CONVERSION = YES;
				CLANG_WARN_DIRECT_OBJC_ISA_USAGE = YES_ERROR;
				CLANG_WARN_DOCUMENTATION_COMMENTS = YES;
				CLANG_WARN_EMPTY_BODY = YES;
				CLANG_WARN_ENUM_CONVERSION = YES;
				CLANG_WARN_INFINITE_RECURSION = YES;
				CLANG_WARN_INT_CONVERSION = YES;
				CLANG_WARN_OBJC_ROOT_CLASS = YES_ERROR;
				CLANG_WARN_SUSPICIOUS_MOVE = YES;
				CLANG_WARN_UNREACHABLE_CODE = YES;
				CLANG_WARN__DUPLICATE_METHOD_MATCH = YES;
				CODE_SIGN_IDENTITY = "-";
				COPY_PHASE_STRIP = NO;
				DEBUG_INFORMATION_FORMAT = dwarf;
				ENABLE_STRICT_OBJC_MSGSEND = YES;
				ENABLE_TESTABILITY = YES;
				GCC_C_LANGUAGE_STANDARD = gnu99;
				GCC_DYNAMIC_NO_PIC = NO;
				GCC_NO_COMMON_BLOCKS = YES;
				GCC_OPTIMIZATION_LEVEL = 0;
				GCC_PREPROCESSOR_DEFINITIONS = (
					"DEBUG=1",
					"$(inherited)",
				);
				GCC_WARN_64_TO_32_BIT_CONVERSION = YES;
				GCC_WARN_ABOUT_RETURN_TYPE = YES_ERROR;
				GCC_WARN_UNDECLARED_SELECTOR = YES;
				GCC_WARN_UNINITIALIZED_AUTOS = YES_AGGRESSIVE;
				GCC_WARN_UNUSED_FUNCTION = YES;
				GCC_WARN_UNUSED_VARIABLE = YES;
				MACOSX_DEPLOYMENT_TARGET = 10.12;
				MTL_ENABLE_DEBUG_INFO = YES;
				ONLY_ACTIVE_ARCH = YES;
				SDKROOT = macosx;
			};
			name = Debug;
		};
		C9C4CB961E43BA460052AD45 /* Release */ = {
			isa = XCBuildConfiguration;
			buildSettings = {
				ALWAYS_SEARCH_USER_PATHS = NO;
				CLANG_ANALYZER_NONNULL = YES;
				CLANG_CXX_LANGUAGE_STANDARD = "gnu++0x";
				CLANG_CXX_LIBRARY = "libc++";
				CLANG_ENABLE_MODULES = YES;
				CLANG_ENABLE_OBJC_ARC = YES;
				CLANG_WARN_BOOL_CONVERSION = YES;
				CLANG_WARN_CONSTANT_CONVERSION = YES;
				CLANG_WARN_DIRECT_OBJC_ISA_USAGE = YES_ERROR;
				CLANG_WARN_DOCUMENTATION_COMMENTS = YES;
				CLANG_WARN_EMPTY_BODY = YES;
				CLANG_WARN_ENUM_CONVERSION = YES;
				CLANG_WARN_INFINITE_RECURSION = YES;
				CLANG_WARN_INT_CONVERSION = YES;
				CLANG_WARN_OBJC_ROOT_CLASS = YES_ERROR;
				CLANG_WARN_SUSPICIOUS_MOVE = YES;
				CLANG_WARN_UNREACHABLE_CODE = YES;
				CLANG_WARN__DUPLICATE_METHOD_MATCH = YES;
				CODE_SIGN_IDENTITY = "-";
				COPY_PHASE_STRIP = NO;
				DEBUG_INFORMATION_FORMAT = "dwarf-with-dsym";
				ENABLE_NS_ASSERTIONS = NO;
				ENABLE_STRICT_OBJC_MSGSEND = YES;
				GCC_C_LANGUAGE_STANDARD = gnu99;
				GCC_NO_COMMON_BLOCKS = YES;
				GCC_WARN_64_TO_32_BIT_CONVERSION = YES;
				GCC_WARN_ABOUT_RETURN_TYPE = YES_ERROR;
				GCC_WARN_UNDECLARED_SELECTOR = YES;
				GCC_WARN_UNINITIALIZED_AUTOS = YES_AGGRESSIVE;
				GCC_WARN_UNUSED_FUNCTION = YES;
				GCC_WARN_UNUSED_VARIABLE = YES;
				MACOSX_DEPLOYMENT_TARGET = 10.12;
				MTL_ENABLE_DEBUG_INFO = NO;
				SDKROOT = macosx;
			};
			name = Release;
		};
		C9C4CB981E43BA460052AD45 /* Debug */ = {
			isa = XCBuildConfiguration;
			buildSettings = {
				ASSETCATALOG_COMPILER_APPICON_NAME = AppIcon;
				CODE_SIGN_IDENTITY = "Mac Developer";
				COMBINE_HIDPI_IMAGES = YES;
				DEVELOPMENT_TEAM = L5VJPHXSKB;
				INFOPLIST_FILE = Emulatron/Info.plist;
				LD_RUNPATH_SEARCH_PATHS = "$(inherited) @executable_path/../Frameworks";
				PRODUCT_BUNDLE_IDENTIFIER = MattParsons.Emulatron;
				PRODUCT_NAME = "$(TARGET_NAME)";
			};
			name = Debug;
		};
		C9C4CB991E43BA460052AD45 /* Release */ = {
			isa = XCBuildConfiguration;
			buildSettings = {
				ASSETCATALOG_COMPILER_APPICON_NAME = AppIcon;
				CODE_SIGN_IDENTITY = "Mac Developer";
				COMBINE_HIDPI_IMAGES = YES;
				DEVELOPMENT_TEAM = L5VJPHXSKB;
				INFOPLIST_FILE = Emulatron/Info.plist;
				LD_RUNPATH_SEARCH_PATHS = "$(inherited) @executable_path/../Frameworks";
				PRODUCT_BUNDLE_IDENTIFIER = MattParsons.Emulatron;
				PRODUCT_NAME = "$(TARGET_NAME)";
			};
			name = Release;
		};
/* End XCBuildConfiguration section */

/* Begin XCConfigurationList section */
		C9C4CB811E43BA460052AD45 /* Build configuration list for PBXProject "Emulatron" */ = {
			isa = XCConfigurationList;
			buildConfigurations = (
				C9C4CB951E43BA460052AD45 /* Debug */,
				C9C4CB961E43BA460052AD45 /* Release */,
			);
			defaultConfigurationIsVisible = 0;
			defaultConfigurationName = Release;
		};
		C9C4CB971E43BA460052AD45 /* Build configuration list for PBXNativeTarget "Emulatron" */ = {
			isa = XCConfigurationList;
			buildConfigurations = (
				C9C4CB981E43BA460052AD45 /* Debug */,
				C9C4CB991E43BA460052AD45 /* Release */,
			);
			defaultConfigurationIsVisible = 0;
			defaultConfigurationName = Release;
		};
/* End XCConfigurationList section */
	};
	rootObject = C9C4CB7E1E43BA460052AD45 /* Project object */;
}
